# THIS IS AN AUTOGENERATED FILE. DO NOT EDIT THIS FILE DIRECTLY.
# yarn lockfile v1


clsx@^1.1.1:
  version "1.1.1"
  resolved "https://registry.yarnpkg.com/clsx/-/clsx-1.1.1.tgz#98b3134f9abbdf23b2663491ace13c5c03a73188"
  integrity sha512-6/bPho624p3S2pMyvP5kKBPXnI3ufHLObBFCfgx+LkeR5lg2XYy2hqZqUf45ypD8COn2bhgGJSUE+l5dhNBieA==

react-toastify@^8.0.3:
  version "8.0.3"
  resolved "https://registry.yarnpkg.com/react-toastify/-/react-toastify-8.0.3.tgz#7fbf65f69ec357aab8dd03c1496f9177aa92409a"
  integrity sha512-rv3koC7f9lKKSkdpYgo/TGzgWlrB/aaiUInF1DyV7BpiM4kyTs+uhu6/r8XDMtBY2FOIHK+FlK3Iv7OzpA/tCA==
  dependencies:
    clsx "^1.1.1"
